
Microsoft Visual Studio Solution File, Format Version 12.00
# Visual Studio Version 16
VisualStudioVersion = 16.0.33328.57
MinimumVisualStudioVersion = 10.0.40219.1
Project("{FAE04EC0-301F-11D3-BF4B-00C04F79EFBC}") = "Delegat_ale_action", "Delegat_ale_action\Delegat_ale_action.csproj", "{8BE566E4-01B5-4845-9CED-B94F9E722198}"
EndProject
Global
	GlobalSection(SolutionConfigurationPlatforms) = preSolution
		Debug|Any CPU = Debug|Any CPU
		Release|Any CPU = Release|Any CPU
	EndGlobalSection
	GlobalSection(ProjectConfigurationPlatforms) = postSolution
		{8BE566E4-01B5-4845-9CED-B94F9E722198}.Debug|Any CPU.ActiveCfg = Debug|Any CPU
		{8BE566E4-01B5-4845-9CED-B94F9E722198}.Debug|Any CPU.Build.0 = Debug|Any CPU
		{8BE566E4-01B5-4845-9CED-B94F9E722198}.Release|Any CPU.ActiveCfg = Release|Any CPU
		{8BE566E4-01B5-4845-9CED-B94F9E722198}.Release|Any CPU.Build.0 = Release|Any CPU
	EndGlobalSection
	GlobalSection(SolutionProperties) = preSolution
		HideSolutionNode = FALSE
	EndGlobalSection
	GlobalSection(ExtensibilityGlobals) = postSolution
		SolutionGuid = {75C6944C-D903-4876-8469-249CBA6E5350}
	EndGlobalSection
EndGlobal
